
Microsoft Visual Studio Solution File, Format Version 12.00
# Visual Studio Version 16
VisualStudioVersion = 16.0.31829.152
MinimumVisualStudioVersion = 10.0.40219.1
Project("{FAE04EC0-301F-11D3-BF4B-00C04F79EFBC}") = "Tsk7WpfApp1", "Tsk7WpfApp1\Tsk7WpfApp1.csproj", "{27336F62-1FAE-4A02-893A-2E416482E770}"
EndProject
Global
	GlobalSection(SolutionConfigurationPlatforms) = preSolution
		Debug|Any CPU = Debug|Any CPU
		Release|Any CPU = Release|Any CPU
	EndGlobalSection
	GlobalSection(ProjectConfigurationPlatforms) = postSolution
		{27336F62-1FAE-4A02-893A-2E416482E770}.Debug|Any CPU.ActiveCfg = Debug|Any CPU
		{27336F62-1FAE-4A02-893A-2E416482E770}.Debug|Any CPU.Build.0 = Debug|Any CPU
		{27336F62-1FAE-4A02-893A-2E416482E770}.Release|Any CPU.ActiveCfg = Release|Any CPU
		{27336F62-1FAE-4A02-893A-2E416482E770}.Release|Any CPU.Build.0 = Release|Any CPU
	EndGlobalSection
	GlobalSection(SolutionProperties) = preSolution
		HideSolutionNode = FALSE
	EndGlobalSection
	GlobalSection(ExtensibilityGlobals) = postSolution
		SolutionGuid = {B2012366-3A0F-4605-91D3-7C05A44516D2}
	EndGlobalSection
EndGlobal
